
Microsoft Visual Studio Solution File, Format Version 12.00
# Visual Studio Version 17
VisualStudioVersion = 17.10.35201.131
MinimumVisualStudioVersion = 10.0.40219.1
Project("{FAE04EC0-301F-11D3-BF4B-00C04F79EFBC}") = "eBookStore", "eBookStore.csproj", "{C3AED20A-5254-4340-929B-CEB159939150}"
EndProject
Global
	GlobalSection(SolutionConfigurationPlatforms) = preSolution
		Debug|Any CPU = Debug|Any CPU
		Release|Any CPU = Release|Any CPU
	EndGlobalSection
	GlobalSection(ProjectConfigurationPlatforms) = postSolution
		{C3AED20A-5254-4340-929B-CEB159939150}.Debug|Any CPU.ActiveCfg = Debug|Any CPU
		{C3AED20A-5254-4340-929B-CEB159939150}.Debug|Any CPU.Build.0 = Debug|Any CPU
		{C3AED20A-5254-4340-929B-CEB159939150}.Release|Any CPU.ActiveCfg = Release|Any CPU
		{C3AED20A-5254-4340-929B-CEB159939150}.Release|Any CPU.Build.0 = Release|Any CPU
	EndGlobalSection
	GlobalSection(SolutionProperties) = preSolution
		HideSolutionNode = FALSE
	EndGlobalSection
	GlobalSection(ExtensibilityGlobals) = postSolution
		SolutionGuid = {739E305F-B9BB-4D1A-AFBC-3B63352AC89B}
	EndGlobalSection
EndGlobal
